
Microsoft Visual Studio Solution File, Format Version 12.00
# Visual Studio Version 16
VisualStudioVersion = 16.0.31019.35
MinimumVisualStudioVersion = 10.0.40219.1
Project("{2150E333-8FDC-42A3-9474-1A3956D46DE8}") = "src", "src", "{0D1290D1-D3F3-4D79-81EA-FAC8E81D19B7}"
EndProject
Project("{2150E333-8FDC-42A3-9474-1A3956D46DE8}") = "tests", "tests", "{268C6EEF-32D3-4EBE-B614-3173B863E2CF}"
EndProject
Project("{9A19103F-16F7-4668-BE54-9A1E7A4F7556}") = "Server.Tests", "tests\Server.Tests\Server.Tests.csproj", "{F349FBD8-2227-4998-B49B-FDF5F518509A}"
EndProject
Project("{FAE04EC0-301F-11D3-BF4B-00C04F79EFBC}") = "Client", "src\Client\Client.csproj", "{7E27A49E-CAB7-49A3-83C2-B865543AA52A}"
EndProject
Project("{9A19103F-16F7-4668-BE54-9A1E7A4F7556}") = "Server", "src\Server\Server.csproj", "{87C1B0B7-AC9E-4985-B231-CDCDA93C20AF}"
EndProject
Project("{D954291E-2A0B-460D-934E-DC6B0785DB48}") = "Common", "src\Common\Common.shproj", "{1051BB5B-F7E3-4967-89AB-2F305368A6E9}"
EndProject
Project("{9A19103F-16F7-4668-BE54-9A1E7A4F7556}") = "Database", "src\Database\Database.csproj", "{C6E3EFF2-D310-4730-8976-24AA04EC757D}"
EndProject
Project("{2150E333-8FDC-42A3-9474-1A3956D46DE8}") = "ci", "ci", "{51F685D6-FA43-436D-A3AF-3C3FB787A611}"
	ProjectSection(SolutionItems) = preProject
		postbuild.ps1 = postbuild.ps1
	EndProjectSection
EndProject
Project("{9A19103F-16F7-4668-BE54-9A1E7A4F7556}") = "Database.Tests", "tests\Database.Tests\Database.Tests.csproj", "{58BC88A5-89E3-4E72-8103-350895F1C665}"
EndProject
Project("{FAE04EC0-301F-11D3-BF4B-00C04F79EFBC}") = "Client.Tests", "tests\Client.Tests\Client.Tests.csproj", "{0D8DFC58-3982-457F-BC9D-CD8B307A2073}"
EndProject
Global
	GlobalSection(SharedMSBuildProjectFiles) = preSolution
		src\Common\Common.projitems*{1051bb5b-f7e3-4967-89ab-2f305368a6e9}*SharedItemsImports = 13
		src\Common\Common.projitems*{7e27a49e-cab7-49a3-83c2-b865543aa52a}*SharedItemsImports = 4
		src\Common\Common.projitems*{87c1b0b7-ac9e-4985-b231-cdcda93c20af}*SharedItemsImports = 5
	EndGlobalSection
	GlobalSection(SolutionConfigurationPlatforms) = preSolution
		Debug|Any CPU = Debug|Any CPU
		Release|Any CPU = Release|Any CPU
	EndGlobalSection
	GlobalSection(ProjectConfigurationPlatforms) = postSolution
		{F349FBD8-2227-4998-B49B-FDF5F518509A}.Debug|Any CPU.ActiveCfg = Debug|Any CPU
		{F349FBD8-2227-4998-B49B-FDF5F518509A}.Debug|Any CPU.Build.0 = Debug|Any CPU
		{F349FBD8-2227-4998-B49B-FDF5F518509A}.Release|Any CPU.ActiveCfg = Release|Any CPU
		{F349FBD8-2227-4998-B49B-FDF5F518509A}.Release|Any CPU.Build.0 = Release|Any CPU
		{7E27A49E-CAB7-49A3-83C2-B865543AA52A}.Debug|Any CPU.ActiveCfg = Debug|Any CPU
		{7E27A49E-CAB7-49A3-83C2-B865543AA52A}.Debug|Any CPU.Build.0 = Debug|Any CPU
		{7E27A49E-CAB7-49A3-83C2-B865543AA52A}.Release|Any CPU.ActiveCfg = Release|Any CPU
		{7E27A49E-CAB7-49A3-83C2-B865543AA52A}.Release|Any CPU.Build.0 = Release|Any CPU
		{87C1B0B7-AC9E-4985-B231-CDCDA93C20AF}.Debug|Any CPU.ActiveCfg = Debug|Any CPU
		{87C1B0B7-AC9E-4985-B231-CDCDA93C20AF}.Debug|Any CPU.Build.0 = Debug|Any CPU
		{87C1B0B7-AC9E-4985-B231-CDCDA93C20AF}.Release|Any CPU.ActiveCfg = Release|Any CPU
		{87C1B0B7-AC9E-4985-B231-CDCDA93C20AF}.Release|Any CPU.Build.0 = Release|Any CPU
		{C6E3EFF2-D310-4730-8976-24AA04EC757D}.Debug|Any CPU.ActiveCfg = Debug|Any CPU
		{C6E3EFF2-D310-4730-8976-24AA04EC757D}.Debug|Any CPU.Build.0 = Debug|Any CPU
		{C6E3EFF2-D310-4730-8976-24AA04EC757D}.Release|Any CPU.ActiveCfg = Release|Any CPU
		{C6E3EFF2-D310-4730-8976-24AA04EC757D}.Release|Any CPU.Build.0 = Release|Any CPU
		{58BC88A5-89E3-4E72-8103-350895F1C665}.Debug|Any CPU.ActiveCfg = Debug|Any CPU
		{58BC88A5-89E3-4E72-8103-350895F1C665}.Debug|Any CPU.Build.0 = Debug|Any CPU
		{58BC88A5-89E3-4E72-8103-350895F1C665}.Release|Any CPU.ActiveCfg = Release|Any CPU
		{58BC88A5-89E3-4E72-8103-350895F1C665}.Release|Any CPU.Build.0 = Release|Any CPU
	EndGlobalSection
	GlobalSection(SolutionProperties) = preSolution
		HideSolutionNode = FALSE
	EndGlobalSection
	GlobalSection(NestedProjects) = preSolution
		{F349FBD8-2227-4998-B49B-FDF5F518509A} = {268C6EEF-32D3-4EBE-B614-3173B863E2CF}
		{7E27A49E-CAB7-49A3-83C2-B865543AA52A} = {0D1290D1-D3F3-4D79-81EA-FAC8E81D19B7}
		{87C1B0B7-AC9E-4985-B231-CDCDA93C20AF} = {0D1290D1-D3F3-4D79-81EA-FAC8E81D19B7}
		{1051BB5B-F7E3-4967-89AB-2F305368A6E9} = {0D1290D1-D3F3-4D79-81EA-FAC8E81D19B7}
		{C6E3EFF2-D310-4730-8976-24AA04EC757D} = {0D1290D1-D3F3-4D79-81EA-FAC8E81D19B7}
		{58BC88A5-89E3-4E72-8103-350895F1C665} = {268C6EEF-32D3-4EBE-B614-3173B863E2CF}
	EndGlobalSection
	GlobalSection(ExtensibilityGlobals) = postSolution
		SolutionGuid = {22191EE2-6E89-4C38-8696-36A132FF751C}
	EndGlobalSection
EndGlobal
